
Microsoft Visual Studio Solution File, Format Version 12.00
# Visual Studio 15
VisualStudioVersion = 15.0.26730.12
MinimumVisualStudioVersion = 10.0.40219.1
Project("{FAE04EC0-301F-11D3-BF4B-00C04F79EFBC}") = "KollelRaffleWeb", "KollelRaffleWeb\KollelRaffleWeb.csproj", "{BEC14327-AED3-424D-9F3A-C03F2FB55583}"
EndProject
Project("{FAE04EC0-301F-11D3-BF4B-00C04F79EFBC}") = "KollelRaffleWeb.Data", "KollelRaffleWeb.Data\KollelRaffleWeb.Data.csproj", "{5F4B3436-8F07-4062-AD8B-9B8CB728BD41}"
EndProject
Global
	GlobalSection(SolutionConfigurationPlatforms) = preSolution
		Debug|Any CPU = Debug|Any CPU
		Release|Any CPU = Release|Any CPU
	EndGlobalSection
	GlobalSection(ProjectConfigurationPlatforms) = postSolution
		{BEC14327-AED3-424D-9F3A-C03F2FB55583}.Debug|Any CPU.ActiveCfg = Debug|Any CPU
		{BEC14327-AED3-424D-9F3A-C03F2FB55583}.Debug|Any CPU.Build.0 = Debug|Any CPU
		{BEC14327-AED3-424D-9F3A-C03F2FB55583}.Release|Any CPU.ActiveCfg = Release|Any CPU
		{BEC14327-AED3-424D-9F3A-C03F2FB55583}.Release|Any CPU.Build.0 = Release|Any CPU
		{5F4B3436-8F07-4062-AD8B-9B8CB728BD41}.Debug|Any CPU.ActiveCfg = Debug|Any CPU
		{5F4B3436-8F07-4062-AD8B-9B8CB728BD41}.Debug|Any CPU.Build.0 = Debug|Any CPU
		{5F4B3436-8F07-4062-AD8B-9B8CB728BD41}.Release|Any CPU.ActiveCfg = Release|Any CPU
		{5F4B3436-8F07-4062-AD8B-9B8CB728BD41}.Release|Any CPU.Build.0 = Release|Any CPU
	EndGlobalSection
	GlobalSection(SolutionProperties) = preSolution
		HideSolutionNode = FALSE
	EndGlobalSection
	GlobalSection(ExtensibilityGlobals) = postSolution
		SolutionGuid = {D79ABC10-AFCD-4870-8F92-F3A2587E4AF4}
	EndGlobalSection
EndGlobal
